
Microsoft Visual Studio Solution File, Format Version 12.00
# Visual Studio Version 17
VisualStudioVersion = 17.3.32901.215
MinimumVisualStudioVersion = 10.0.40219.1
Project("{FAE04EC0-301F-11D3-BF4B-00C04F79EFBC}") = "Lab_2", "Lab_2\Lab_2.csproj", "{BBC6C08F-8B17-49BB-B67E-9567C81B7BAC}"
EndProject
Global
	GlobalSection(SolutionConfigurationPlatforms) = preSolution
		Debug|Any CPU = Debug|Any CPU
		Release|Any CPU = Release|Any CPU
	EndGlobalSection
	GlobalSection(ProjectConfigurationPlatforms) = postSolution
		{BBC6C08F-8B17-49BB-B67E-9567C81B7BAC}.Debug|Any CPU.ActiveCfg = Debug|Any CPU
		{BBC6C08F-8B17-49BB-B67E-9567C81B7BAC}.Debug|Any CPU.Build.0 = Debug|Any CPU
		{BBC6C08F-8B17-49BB-B67E-9567C81B7BAC}.Release|Any CPU.ActiveCfg = Release|Any CPU
		{BBC6C08F-8B17-49BB-B67E-9567C81B7BAC}.Release|Any CPU.Build.0 = Release|Any CPU
	EndGlobalSection
	GlobalSection(SolutionProperties) = preSolution
		HideSolutionNode = FALSE
	EndGlobalSection
	GlobalSection(ExtensibilityGlobals) = postSolution
		SolutionGuid = {2AC82F38-05B7-4E1B-BE32-17B07DA3A1AF}
	EndGlobalSection
EndGlobal
