
Microsoft Visual Studio Solution File, Format Version 12.00
# Visual Studio Version 17
VisualStudioVersion = 17.3.32901.215
MinimumVisualStudioVersion = 10.0.40219.1
Project("{FAE04EC0-301F-11D3-BF4B-00C04F79EFBC}") = "Lab_7", "Lab_7\Lab_7.csproj", "{C689E1A9-70E6-4309-AEB9-E207B5716E0D}"
EndProject
Global
	GlobalSection(SolutionConfigurationPlatforms) = preSolution
		Debug|Any CPU = Debug|Any CPU
		Release|Any CPU = Release|Any CPU
	EndGlobalSection
	GlobalSection(ProjectConfigurationPlatforms) = postSolution
		{C689E1A9-70E6-4309-AEB9-E207B5716E0D}.Debug|Any CPU.ActiveCfg = Debug|Any CPU
		{C689E1A9-70E6-4309-AEB9-E207B5716E0D}.Debug|Any CPU.Build.0 = Debug|Any CPU
		{C689E1A9-70E6-4309-AEB9-E207B5716E0D}.Release|Any CPU.ActiveCfg = Release|Any CPU
		{C689E1A9-70E6-4309-AEB9-E207B5716E0D}.Release|Any CPU.Build.0 = Release|Any CPU
	EndGlobalSection
	GlobalSection(SolutionProperties) = preSolution
		HideSolutionNode = FALSE
	EndGlobalSection
	GlobalSection(ExtensibilityGlobals) = postSolution
		SolutionGuid = {868E5766-4781-4E91-A90B-8B08E97C9700}
	EndGlobalSection
EndGlobal
